{
  "name": "@onfocusacademy/wandalang",
  "version": "0.1.0",
  "lockfileVersion": 3,
  "requires": true,
  "packages": {
    "": {
      "name": "@onfocusacademy/wandalang",
      "version": "0.1.0",
      "license": "MIT",
      "dependencies": {
        "@paralleldrive/cuid2": "^2.2.0",
        "ffi-napi": "^4.0.3",
        "object-hash": "^3.0.0"
      },
      "devDependencies": {
        "prettier": "^2.8.7"
      }
    },
    "node_modules/@noble/hashes": {
      "version": "1.3.0",
      "resolved": "https://registry.npmjs.org/@noble/hashes/-/hashes-1.3.0.tgz",
      "integrity": "sha512-ilHEACi9DwqJB0pw7kv+Apvh50jiiSyR/cQ3y4W7lOR5mhvn/50FLUfsnfJz0BDZtl/RR16kXvptiv6q1msYZg==",
      "funding": [
        {
          "type": "individual",
          "url": "https://paulmillr.com/funding/"
        }
      ]
    },
    "node_modules/@paralleldrive/cuid2": {
      "version": "2.2.0",
      "resolved": "https://registry.npmjs.org/@paralleldrive/cuid2/-/cuid2-2.2.0.tgz",
      "integrity": "sha512-CVQDpPIUHrUGGLdrMGz1NmqZvqmsB2j2rCIQEu1EvxWjlFh4fhvEGmgR409cY20/67/WlJsggenq0no3p3kYsw==",
      "dependencies": {
        "@noble/hashes": "^1.1.5"
      }
    },
    "node_modules/debug": {
      "version": "4.3.4",
      "resolved": "https://registry.npmjs.org/debug/-/debug-4.3.4.tgz",
      "integrity": "sha512-PRWFHuSU3eDtQJPvnNY7Jcket1j0t5OuOsFzPPzsekD52Zl8qUfFIPEiswXqIvHWGVHOgX+7G/vCNNhehwxfkQ==",
      "dependencies": {
        "ms": "2.1.2"
      },
      "engines": {
        "node": ">=6.0"
      },
      "peerDependenciesMeta": {
        "supports-color": {
          "optional": true
        }
      }
    },
    "node_modules/ffi-napi": {
      "version": "4.0.3",
      "resolved": "https://registry.npmjs.org/ffi-napi/-/ffi-napi-4.0.3.tgz",
      "integrity": "sha512-PMdLCIvDY9mS32RxZ0XGb95sonPRal8aqRhLbeEtWKZTe2A87qRFG9HjOhvG8EX2UmQw5XNRMIOT+1MYlWmdeg==",
      "hasInstallScript": true,
      "dependencies": {
        "debug": "^4.1.1",
        "get-uv-event-loop-napi-h": "^1.0.5",
        "node-addon-api": "^3.0.0",
        "node-gyp-build": "^4.2.1",
        "ref-napi": "^2.0.1 || ^3.0.2",
        "ref-struct-di": "^1.1.0"
      },
      "engines": {
        "node": ">=10"
      }
    },
    "node_modules/get-symbol-from-current-process-h": {
      "version": "1.0.2",
      "resolved": "https://registry.npmjs.org/get-symbol-from-current-process-h/-/get-symbol-from-current-process-h-1.0.2.tgz",
      "integrity": "sha512-syloC6fsCt62ELLrr1VKBM1ggOpMdetX9hTrdW77UQdcApPHLmf7CI7OKcN1c9kYuNxKcDe4iJ4FY9sX3aw2xw=="
    },
    "node_modules/get-uv-event-loop-napi-h": {
      "version": "1.0.6",
      "resolved": "https://registry.npmjs.org/get-uv-event-loop-napi-h/-/get-uv-event-loop-napi-h-1.0.6.tgz",
      "integrity": "sha512-t5c9VNR84nRoF+eLiz6wFrEp1SE2Acg0wS+Ysa2zF0eROes+LzOfuTaVHxGy8AbS8rq7FHEJzjnCZo1BupwdJg==",
      "dependencies": {
        "get-symbol-from-current-process-h": "^1.0.1"
      }
    },
    "node_modules/ms": {
      "version": "2.1.2",
      "resolved": "https://registry.npmjs.org/ms/-/ms-2.1.2.tgz",
      "integrity": "sha512-sGkPx+VjMtmA6MX27oA4FBFELFCZZ4S4XqeGOXCv68tT+jb3vk/RyaKWP0PTKyWtmLSM0b+adUTEvbs1PEaH2w=="
    },
    "node_modules/node-addon-api": {
      "version": "3.2.1",
      "resolved": "https://registry.npmjs.org/node-addon-api/-/node-addon-api-3.2.1.tgz",
      "integrity": "sha512-mmcei9JghVNDYydghQmeDX8KoAm0FAiYyIcUt/N4nhyAipB17pllZQDOJD2fotxABnt4Mdz+dKTO7eftLg4d0A=="
    },
    "node_modules/node-gyp-build": {
      "version": "4.6.0",
      "resolved": "https://registry.npmjs.org/node-gyp-build/-/node-gyp-build-4.6.0.tgz",
      "integrity": "sha512-NTZVKn9IylLwUzaKjkas1e4u2DLNcV4rdYagA4PWdPwW87Bi7z+BznyKSRwS/761tV/lzCGXplWsiaMjLqP2zQ==",
      "bin": {
        "node-gyp-build": "bin.js",
        "node-gyp-build-optional": "optional.js",
        "node-gyp-build-test": "build-test.js"
      }
    },
    "node_modules/object-hash": {
      "version": "3.0.0",
      "resolved": "https://registry.npmjs.org/object-hash/-/object-hash-3.0.0.tgz",
      "integrity": "sha512-RSn9F68PjH9HqtltsSnqYC1XXoWe9Bju5+213R98cNGttag9q9yAOTzdbsqvIa7aNm5WffBZFpWYr2aWrklWAw==",
      "engines": {
        "node": ">= 6"
      }
    },
    "node_modules/prettier": {
      "version": "2.8.7",
      "resolved": "https://registry.npmjs.org/prettier/-/prettier-2.8.7.tgz",
      "integrity": "sha512-yPngTo3aXUUmyuTjeTUT75txrf+aMh9FiD7q9ZE/i6r0bPb22g4FsE6Y338PQX1bmfy08i9QQCB7/rcUAVntfw==",
      "dev": true,
      "bin": {
        "prettier": "bin-prettier.js"
      },
      "engines": {
        "node": ">=10.13.0"
      },
      "funding": {
        "url": "https://github.com/prettier/prettier?sponsor=1"
      }
    },
    "node_modules/ref-napi": {
      "version": "3.0.3",
      "resolved": "https://registry.npmjs.org/ref-napi/-/ref-napi-3.0.3.tgz",
      "integrity": "sha512-LiMq/XDGcgodTYOMppikEtJelWsKQERbLQsYm0IOOnzhwE9xYZC7x8txNnFC9wJNOkPferQI4vD4ZkC0mDyrOA==",
      "hasInstallScript": true,
      "dependencies": {
        "debug": "^4.1.1",
        "get-symbol-from-current-process-h": "^1.0.2",
        "node-addon-api": "^3.0.0",
        "node-gyp-build": "^4.2.1"
      },
      "engines": {
        "node": ">= 10.0"
      }
    },
    "node_modules/ref-struct-di": {
      "version": "1.1.1",
      "resolved": "https://registry.npmjs.org/ref-struct-di/-/ref-struct-di-1.1.1.tgz",
      "integrity": "sha512-2Xyn/0Qgz89VT+++WP0sTosdm9oeowLP23wRJYhG4BFdMUrLj3jhwHZNEytYNYgtPKLNTP3KJX4HEgBvM1/Y2g==",
      "dependencies": {
        "debug": "^3.1.0"
      }
    },
    "node_modules/ref-struct-di/node_modules/debug": {
      "version": "3.2.7",
      "resolved": "https://registry.npmjs.org/debug/-/debug-3.2.7.tgz",
      "integrity": "sha512-CFjzYYAi4ThfiQvizrFQevTTXHtnCqWfe7x1AhgEscTz6ZbLbfoLRLPugTQyBth6f8ZERVUSyWHFD/7Wu4t1XQ==",
      "dependencies": {
        "ms": "^2.1.1"
      }
    },
    "packages/bootstrap": {
      "name": "@arith-lang/bootstrap",
      "version": "0.1.0",
      "extraneous": true,
      "license": "MIT",
      "dependencies": {
        "@arith-lang/core": "^0.1.0"
      }
    },
    "packages/cli": {
      "name": "@arith-lang/cli",
      "version": "0.1.0",
      "extraneous": true,
      "license": "MIT",
      "dependencies": {
        "@arith-lang/lexer": "^0.1.0",
        "@arith-lang/reader": "^0.1.0"
      }
    },
    "packages/compiler": {
      "name": "@arith-lang/compiler",
      "version": "0.1.0",
      "extraneous": true,
      "license": "MIT"
    },
    "packages/core": {
      "name": "@arith-lang/core",
      "version": "0.1.0",
      "extraneous": true,
      "license": "MIT",
      "dependencies": {
        "@paralleldrive/cuid2": "^2.2.0",
        "ffi-napi": "^4.0.3",
        "object-hash": "^3.0.0"
      }
    },
    "packages/desugar": {
      "name": "@arith-lang/desugar",
      "version": "0.1.0",
      "extraneous": true,
      "license": "MIT"
    },
    "packages/expander": {
      "name": "@arith-lang/expander",
      "version": "0.1.0",
      "extraneous": true,
      "license": "MIT"
    },
    "packages/lexer": {
      "name": "@arith-lang/lexer",
      "version": "0.1.0",
      "extraneous": true,
      "license": "MIT",
      "dependencies": {
        "@arith-lang/core": "^0.1.0"
      }
    },
    "packages/lib-browser": {
      "name": "@arith-lang/lib-browser",
      "version": "0.1.0",
      "extraneous": true,
      "license": "MIT"
    },
    "packages/lib-core": {
      "name": "@arith-lang/lib-core",
      "version": "0.1.0",
      "extraneous": true,
      "license": "MIT"
    },
    "packages/lib-server": {
      "name": "@arith-lang/lib-server",
      "version": "0.1.0",
      "extraneous": true,
      "license": "MIT",
      "dependencies": {
        "@arith-lang/core": "^0.1.0"
      }
    },
    "packages/lib-shared": {
      "name": "@arith-lang/lib-shared",
      "version": "0.1.0",
      "extraneous": true,
      "license": "MIT"
    },
    "packages/reader": {
      "name": "@arith-lang/reader",
      "version": "0.1.0",
      "extraneous": true,
      "license": "MIT",
      "dependencies": {
        "@arith-lang/core": "^0.1.0",
        "@arith-lang/lexer": "^0.1.0"
      }
    },
    "packages/runtime": {
      "name": "@arith-lang/runtime",
      "version": "0.1.0",
      "extraneous": true,
      "license": "MIT"
    }
  }
}
